
Microsoft Visual Studio Solution File, Format Version 12.00
# Visual Studio 2012
Project("{8BC9CEB8-8B4A-11D0-8D11-00A0C91BC942}") = "hik", "vcxprojs\hik.vcxproj", "{C97E763C-6DD5-4AE5-A401-3BEAEA3924ED}"
	ProjectSection(ProjectDependencies) = postProject
		{9DE84061-44FE-4F2A-B1E4-96FAD3780538} = {9DE84061-44FE-4F2A-B1E4-96FAD3780538}
	EndProjectSection
EndProject
Project("{8BC9CEB8-8B4A-11D0-8D11-00A0C91BC942}") = "dahua", "vcxprojs\dahua.vcxproj", "{95892FA4-FFEA-4807-9ED8-DDE1AE819851}"
	ProjectSection(ProjectDependencies) = postProject
		{9DE84061-44FE-4F2A-B1E4-96FAD3780538} = {9DE84061-44FE-4F2A-B1E4-96FAD3780538}
	EndProjectSection
EndProject
Project("{8BC9CEB8-8B4A-11D0-8D11-00A0C91BC942}") = "main", "vcxprojs\main.vcxproj", "{9DE84061-44FE-4F2A-B1E4-96FAD3780538}"
EndProject
Global
	GlobalSection(SolutionConfigurationPlatforms) = preSolution
		Release|Win32 = Release|Win32
	EndGlobalSection
	GlobalSection(ProjectConfigurationPlatforms) = postSolution
		{C97E763C-6DD5-4AE5-A401-3BEAEA3924ED}.Release|Win32.ActiveCfg = Release|Win32
		{C97E763C-6DD5-4AE5-A401-3BEAEA3924ED}.Release|Win32.Build.0 = Release|Win32
		{95892FA4-FFEA-4807-9ED8-DDE1AE819851}.Release|Win32.ActiveCfg = Release|Win32
		{95892FA4-FFEA-4807-9ED8-DDE1AE819851}.Release|Win32.Build.0 = Release|Win32
		{9DE84061-44FE-4F2A-B1E4-96FAD3780538}.Release|Win32.ActiveCfg = Release|Win32
		{9DE84061-44FE-4F2A-B1E4-96FAD3780538}.Release|Win32.Build.0 = Release|Win32
	EndGlobalSection
	GlobalSection(SolutionProperties) = preSolution
		HideSolutionNode = FALSE
	EndGlobalSection
EndGlobal
